
Microsoft Visual Studio Solution File, Format Version 12.00
# Visual Studio 2013
VisualStudioVersion = 12.0.31101.0
MinimumVisualStudioVersion = 10.0.40219.1
Project("{FAE04EC0-301F-11D3-BF4B-00C04F79EFBC}") = "QuickSend", "QuickSend\QuickSend.csproj", "{F466C746-6B08-47A9-AF4C-B37A1AF10830}"
EndProject
Global
	GlobalSection(SolutionConfigurationPlatforms) = preSolution
		Debug|Any CPU = Debug|Any CPU
		Release|Any CPU = Release|Any CPU
	EndGlobalSection
	GlobalSection(ProjectConfigurationPlatforms) = postSolution
		{F466C746-6B08-47A9-AF4C-B37A1AF10830}.Debug|Any CPU.ActiveCfg = Debug|Any CPU
		{F466C746-6B08-47A9-AF4C-B37A1AF10830}.Debug|Any CPU.Build.0 = Debug|Any CPU
		{F466C746-6B08-47A9-AF4C-B37A1AF10830}.Release|Any CPU.ActiveCfg = Release|Any CPU
		{F466C746-6B08-47A9-AF4C-B37A1AF10830}.Release|Any CPU.Build.0 = Release|Any CPU
	EndGlobalSection
	GlobalSection(SolutionProperties) = preSolution
		HideSolutionNode = FALSE
	EndGlobalSection
EndGlobal
